
Microsoft Visual Studio Solution File, Format Version 12.00
# Visual Studio 15
VisualStudioVersion = 15.0.28307.136
MinimumVisualStudioVersion = 10.0.40219.1
Project("{FAE04EC0-301F-11D3-BF4B-00C04F79EFBC}") = "MVVMXamarin.Android", "MVVMXamarin\MVVMXamarin.Android\MVVMXamarin.Android.csproj", "{62E5E353-16CB-4DFB-9325-6403E3CD8069}"
EndProject
Project("{FAE04EC0-301F-11D3-BF4B-00C04F79EFBC}") = "MVVMXamarin.iOS", "MVVMXamarin\MVVMXamarin.iOS\MVVMXamarin.iOS.csproj", "{55271999-2865-4209-B1E8-F0B79ADFC23D}"
EndProject
Project("{FAE04EC0-301F-11D3-BF4B-00C04F79EFBC}") = "MVVMXamarin.UWP", "MVVMXamarin\MVVMXamarin.UWP\MVVMXamarin.UWP.csproj", "{398136AB-497B-408E-9AFB-9C34B656A6E3}"
EndProject
Project("{FAE04EC0-301F-11D3-BF4B-00C04F79EFBC}") = "MVVMXamarin", "MVVMXamarin\MVVMXamarin\MVVMXamarin.csproj", "{969B2218-7915-4B80-B602-784F376AA9E9}"
EndProject
Global
	GlobalSection(SolutionConfigurationPlatforms) = preSolution
		Ad-Hoc|Any CPU = Ad-Hoc|Any CPU
		Ad-Hoc|ARM = Ad-Hoc|ARM
		Ad-Hoc|iPhone = Ad-Hoc|iPhone
		Ad-Hoc|iPhoneSimulator = Ad-Hoc|iPhoneSimulator
		Ad-Hoc|x64 = Ad-Hoc|x64
		Ad-Hoc|x86 = Ad-Hoc|x86
		AppStore|Any CPU = AppStore|Any CPU
		AppStore|ARM = AppStore|ARM
		AppStore|iPhone = AppStore|iPhone
		AppStore|iPhoneSimulator = AppStore|iPhoneSimulator
		AppStore|x64 = AppStore|x64
		AppStore|x86 = AppStore|x86
		Debug|Any CPU = Debug|Any CPU
		Debug|ARM = Debug|ARM
		Debug|iPhone = Debug|iPhone
		Debug|iPhoneSimulator = Debug|iPhoneSimulator
		Debug|x64 = Debug|x64
		Debug|x86 = Debug|x86
		Release|Any CPU = Release|Any CPU
		Release|ARM = Release|ARM
		Release|iPhone = Release|iPhone
		Release|iPhoneSimulator = Release|iPhoneSimulator
		Release|x64 = Release|x64
		Release|x86 = Release|x86
	EndGlobalSection
	GlobalSection(ProjectConfigurationPlatforms) = postSolution
		{62E5E353-16CB-4DFB-9325-6403E3CD8069}.Ad-Hoc|Any CPU.ActiveCfg = Release|Any CPU
		{62E5E353-16CB-4DFB-9325-6403E3CD8069}.Ad-Hoc|Any CPU.Build.0 = Release|Any CPU
		{62E5E353-16CB-4DFB-9325-6403E3CD8069}.Ad-Hoc|Any CPU.Deploy.0 = Release|Any CPU
		{62E5E353-16CB-4DFB-9325-6403E3CD8069}.Ad-Hoc|ARM.ActiveCfg = Release|Any CPU
		{62E5E353-16CB-4DFB-9325-6403E3CD8069}.Ad-Hoc|ARM.Build.0 = Release|Any CPU
		{62E5E353-16CB-4DFB-9325-6403E3CD8069}.Ad-Hoc|ARM.Deploy.0 = Release|Any CPU
		{62E5E353-16CB-4DFB-9325-6403E3CD8069}.Ad-Hoc|iPhone.ActiveCfg = Release|Any CPU
		{62E5E353-16CB-4DFB-9325-6403E3CD8069}.Ad-Hoc|iPhone.Build.0 = Release|Any CPU
		{62E5E353-16CB-4DFB-9325-6403E3CD8069}.Ad-Hoc|iPhone.Deploy.0 = Release|Any CPU
		{62E5E353-16CB-4DFB-9325-6403E3CD8069}.Ad-Hoc|iPhoneSimulator.ActiveCfg = Release|Any CPU
		{62E5E353-16CB-4DFB-9325-6403E3CD8069}.Ad-Hoc|iPhoneSimulator.Build.0 = Release|Any CPU
		{62E5E353-16CB-4DFB-9325-6403E3CD8069}.Ad-Hoc|iPhoneSimulator.Deploy.0 = Release|Any CPU
		{62E5E353-16CB-4DFB-9325-6403E3CD8069}.Ad-Hoc|x64.ActiveCfg = Release|Any CPU
		{62E5E353-16CB-4DFB-9325-6403E3CD8069}.Ad-Hoc|x64.Build.0 = Release|Any CPU
		{62E5E353-16CB-4DFB-9325-6403E3CD8069}.Ad-Hoc|x64.Deploy.0 = Release|Any CPU
		{62E5E353-16CB-4DFB-9325-6403E3CD8069}.Ad-Hoc|x86.ActiveCfg = Release|Any CPU
		{62E5E353-16CB-4DFB-9325-6403E3CD8069}.Ad-Hoc|x86.Build.0 = Release|Any CPU
		{62E5E353-16CB-4DFB-9325-6403E3CD8069}.Ad-Hoc|x86.Deploy.0 = Release|Any CPU
		{62E5E353-16CB-4DFB-9325-6403E3CD8069}.AppStore|Any CPU.ActiveCfg = Release|Any CPU
		{62E5E353-16CB-4DFB-9325-6403E3CD8069}.AppStore|Any CPU.Build.0 = Release|Any CPU
		{62E5E353-16CB-4DFB-9325-6403E3CD8069}.AppStore|Any CPU.Deploy.0 = Release|Any CPU
		{62E5E353-16CB-4DFB-9325-6403E3CD8069}.AppStore|ARM.ActiveCfg = Release|Any CPU
		{62E5E353-16CB-4DFB-9325-6403E3CD8069}.AppStore|ARM.Build.0 = Release|Any CPU
		{62E5E353-16CB-4DFB-9325-6403E3CD8069}.AppStore|ARM.Deploy.0 = Release|Any CPU
		{62E5E353-16CB-4DFB-9325-6403E3CD8069}.AppStore|iPhone.ActiveCfg = Release|Any CPU
		{62E5E353-16CB-4DFB-9325-6403E3CD8069}.AppStore|iPhone.Build.0 = Release|Any CPU
		{62E5E353-16CB-4DFB-9325-6403E3CD8069}.AppStore|iPhone.Deploy.0 = Release|Any CPU
		{62E5E353-16CB-4DFB-9325-6403E3CD8069}.AppStore|iPhoneSimulator.ActiveCfg = Release|Any CPU
		{62E5E353-16CB-4DFB-9325-6403E3CD8069}.AppStore|iPhoneSimulator.Build.0 = Release|Any CPU
		{62E5E353-16CB-4DFB-9325-6403E3CD8069}.AppStore|iPhoneSimulator.Deploy.0 = Release|Any CPU
		{62E5E353-16CB-4DFB-9325-6403E3CD8069}.AppStore|x64.ActiveCfg = Release|Any CPU
		{62E5E353-16CB-4DFB-9325-6403E3CD8069}.AppStore|x64.Build.0 = Release|Any CPU
		{62E5E353-16CB-4DFB-9325-6403E3CD8069}.AppStore|x64.Deploy.0 = Release|Any CPU
		{62E5E353-16CB-4DFB-9325-6403E3CD8069}.AppStore|x86.ActiveCfg = Release|Any CPU
		{62E5E353-16CB-4DFB-9325-6403E3CD8069}.AppStore|x86.Build.0 = Release|Any CPU
		{62E5E353-16CB-4DFB-9325-6403E3CD8069}.AppStore|x86.Deploy.0 = Release|Any CPU
		{62E5E353-16CB-4DFB-9325-6403E3CD8069}.Debug|Any CPU.ActiveCfg = Debug|Any CPU
		{62E5E353-16CB-4DFB-9325-6403E3CD8069}.Debug|Any CPU.Build.0 = Debug|Any CPU
		{62E5E353-16CB-4DFB-9325-6403E3CD8069}.Debug|Any CPU.Deploy.0 = Debug|Any CPU
		{62E5E353-16CB-4DFB-9325-6403E3CD8069}.Debug|ARM.ActiveCfg = Debug|Any CPU
		{62E5E353-16CB-4DFB-9325-6403E3CD8069}.Debug|ARM.Build.0 = Debug|Any CPU
		{62E5E353-16CB-4DFB-9325-6403E3CD8069}.Debug|ARM.Deploy.0 = Debug|Any CPU
		{62E5E353-16CB-4DFB-9325-6403E3CD8069}.Debug|iPhone.ActiveCfg = Debug|Any CPU
		{62E5E353-16CB-4DFB-9325-6403E3CD8069}.Debug|iPhone.Build.0 = Debug|Any CPU
		{62E5E353-16CB-4DFB-9325-6403E3CD8069}.Debug|iPhone.Deploy.0 = Debug|Any CPU
		{62E5E353-16CB-4DFB-9325-6403E3CD8069}.Debug|iPhoneSimulator.ActiveCfg = Debug|Any CPU
		{62E5E353-16CB-4DFB-9325-6403E3CD8069}.Debug|iPhoneSimulator.Build.0 = Debug|Any CPU
		{62E5E353-16CB-4DFB-9325-6403E3CD8069}.Debug|iPhoneSimulator.Deploy.0 = Debug|Any CPU
		{62E5E353-16CB-4DFB-9325-6403E3CD8069}.Debug|x64.ActiveCfg = Debug|Any CPU
		{62E5E353-16CB-4DFB-9325-6403E3CD8069}.Debug|x64.Build.0 = Debug|Any CPU
		{62E5E353-16CB-4DFB-9325-6403E3CD8069}.Debug|x64.Deploy.0 = Debug|Any CPU
		{62E5E353-16CB-4DFB-9325-6403E3CD8069}.Debug|x86.ActiveCfg = Debug|Any CPU
		{62E5E353-16CB-4DFB-9325-6403E3CD8069}.Debug|x86.Build.0 = Debug|Any CPU
		{62E5E353-16CB-4DFB-9325-6403E3CD8069}.Debug|x86.Deploy.0 = Debug|Any CPU
		{62E5E353-16CB-4DFB-9325-6403E3CD8069}.Release|Any CPU.ActiveCfg = Release|Any CPU
		{62E5E353-16CB-4DFB-9325-6403E3CD8069}.Release|Any CPU.Build.0 = Release|Any CPU
		{62E5E353-16CB-4DFB-9325-6403E3CD8069}.Release|Any CPU.Deploy.0 = Release|Any CPU
		{62E5E353-16CB-4DFB-9325-6403E3CD8069}.Release|ARM.ActiveCfg = Release|Any CPU
		{62E5E353-16CB-4DFB-9325-6403E3CD8069}.Release|ARM.Build.0 = Release|Any CPU
		{62E5E353-16CB-4DFB-9325-6403E3CD8069}.Release|ARM.Deploy.0 = Release|Any CPU
		{62E5E353-16CB-4DFB-9325-6403E3CD8069}.Release|iPhone.ActiveCfg = Release|Any CPU
		{62E5E353-16CB-4DFB-9325-6403E3CD8069}.Release|iPhone.Build.0 = Release|Any CPU
		{62E5E353-16CB-4DFB-9325-6403E3CD8069}.Release|iPhone.Deploy.0 = Release|Any CPU
		{62E5E353-16CB-4DFB-9325-6403E3CD8069}.Release|iPhoneSimulator.ActiveCfg = Release|Any CPU
		{62E5E353-16CB-4DFB-9325-6403E3CD8069}.Release|iPhoneSimulator.Build.0 = Release|Any CPU
		{62E5E353-16CB-4DFB-9325-6403E3CD8069}.Release|iPhoneSimulator.Deploy.0 = Release|Any CPU
		{62E5E353-16CB-4DFB-9325-6403E3CD8069}.Release|x64.ActiveCfg = Release|Any CPU
		{62E5E353-16CB-4DFB-9325-6403E3CD8069}.Release|x64.Build.0 = Release|Any CPU
		{62E5E353-16CB-4DFB-9325-6403E3CD8069}.Release|x64.Deploy.0 = Release|Any CPU
		{62E5E353-16CB-4DFB-9325-6403E3CD8069}.Release|x86.ActiveCfg = Release|Any CPU
		{62E5E353-16CB-4DFB-9325-6403E3CD8069}.Release|x86.Build.0 = Release|Any CPU
		{62E5E353-16CB-4DFB-9325-6403E3CD8069}.Release|x86.Deploy.0 = Release|Any CPU
		{55271999-2865-4209-B1E8-F0B79ADFC23D}.Ad-Hoc|Any CPU.ActiveCfg = Ad-Hoc|iPhone
		{55271999-2865-4209-B1E8-F0B79ADFC23D}.Ad-Hoc|Any CPU.Build.0 = Ad-Hoc|iPhone
		{55271999-2865-4209-B1E8-F0B79ADFC23D}.Ad-Hoc|Any CPU.Deploy.0 = Ad-Hoc|iPhone
		{55271999-2865-4209-B1E8-F0B79ADFC23D}.Ad-Hoc|ARM.ActiveCfg = Ad-Hoc|iPhone
		{55271999-2865-4209-B1E8-F0B79ADFC23D}.Ad-Hoc|ARM.Build.0 = Ad-Hoc|iPhone
		{55271999-2865-4209-B1E8-F0B79ADFC23D}.Ad-Hoc|ARM.Deploy.0 = Ad-Hoc|iPhone
		{55271999-2865-4209-B1E8-F0B79ADFC23D}.Ad-Hoc|iPhone.ActiveCfg = Ad-Hoc|iPhone
		{55271999-2865-4209-B1E8-F0B79ADFC23D}.Ad-Hoc|iPhone.Build.0 = Ad-Hoc|iPhone
		{55271999-2865-4209-B1E8-F0B79ADFC23D}.Ad-Hoc|iPhone.Deploy.0 = Ad-Hoc|iPhone
		{55271999-2865-4209-B1E8-F0B79ADFC23D}.Ad-Hoc|iPhoneSimulator.ActiveCfg = Ad-Hoc|iPhoneSimulator
		{55271999-2865-4209-B1E8-F0B79ADFC23D}.Ad-Hoc|iPhoneSimulator.Build.0 = Ad-Hoc|iPhoneSimulator
		{55271999-2865-4209-B1E8-F0B79ADFC23D}.Ad-Hoc|iPhoneSimulator.Deploy.0 = Ad-Hoc|iPhoneSimulator
		{55271999-2865-4209-B1E8-F0B79ADFC23D}.Ad-Hoc|x64.ActiveCfg = Ad-Hoc|iPhone
		{55271999-2865-4209-B1E8-F0B79ADFC23D}.Ad-Hoc|x64.Build.0 = Ad-Hoc|iPhone
		{55271999-2865-4209-B1E8-F0B79ADFC23D}.Ad-Hoc|x64.Deploy.0 = Ad-Hoc|iPhone
		{55271999-2865-4209-B1E8-F0B79ADFC23D}.Ad-Hoc|x86.ActiveCfg = Ad-Hoc|iPhone
		{55271999-2865-4209-B1E8-F0B79ADFC23D}.Ad-Hoc|x86.Build.0 = Ad-Hoc|iPhone
		{55271999-2865-4209-B1E8-F0B79ADFC23D}.Ad-Hoc|x86.Deploy.0 = Ad-Hoc|iPhone
		{55271999-2865-4209-B1E8-F0B79ADFC23D}.AppStore|Any CPU.ActiveCfg = AppStore|iPhone
		{55271999-2865-4209-B1E8-F0B79ADFC23D}.AppStore|Any CPU.Build.0 = AppStore|iPhone
		{55271999-2865-4209-B1E8-F0B79ADFC23D}.AppStore|Any CPU.Deploy.0 = AppStore|iPhone
		{55271999-2865-4209-B1E8-F0B79ADFC23D}.AppStore|ARM.ActiveCfg = AppStore|iPhone
		{55271999-2865-4209-B1E8-F0B79ADFC23D}.AppStore|ARM.Build.0 = AppStore|iPhone
		{55271999-2865-4209-B1E8-F0B79ADFC23D}.AppStore|ARM.Deploy.0 = AppStore|iPhone
		{55271999-2865-4209-B1E8-F0B79ADFC23D}.AppStore|iPhone.ActiveCfg = AppStore|iPhone
		{55271999-2865-4209-B1E8-F0B79ADFC23D}.AppStore|iPhone.Build.0 = AppStore|iPhone
		{55271999-2865-4209-B1E8-F0B79ADFC23D}.AppStore|iPhone.Deploy.0 = AppStore|iPhone
		{55271999-2865-4209-B1E8-F0B79ADFC23D}.AppStore|iPhoneSimulator.ActiveCfg = AppStore|iPhoneSimulator
		{55271999-2865-4209-B1E8-F0B79ADFC23D}.AppStore|iPhoneSimulator.Build.0 = AppStore|iPhoneSimulator
		{55271999-2865-4209-B1E8-F0B79ADFC23D}.AppStore|iPhoneSimulator.Deploy.0 = AppStore|iPhoneSimulator
		{55271999-2865-4209-B1E8-F0B79ADFC23D}.AppStore|x64.ActiveCfg = AppStore|iPhone
		{55271999-2865-4209-B1E8-F0B79ADFC23D}.AppStore|x64.Build.0 = AppStore|iPhone
		{55271999-2865-4209-B1E8-F0B79ADFC23D}.AppStore|x64.Deploy.0 = AppStore|iPhone
		{55271999-2865-4209-B1E8-F0B79ADFC23D}.AppStore|x86.ActiveCfg = AppStore|iPhone
		{55271999-2865-4209-B1E8-F0B79ADFC23D}.AppStore|x86.Build.0 = AppStore|iPhone
		{55271999-2865-4209-B1E8-F0B79ADFC23D}.AppStore|x86.Deploy.0 = AppStore|iPhone
		{55271999-2865-4209-B1E8-F0B79ADFC23D}.Debug|Any CPU.ActiveCfg = Debug|iPhoneSimulator
		{55271999-2865-4209-B1E8-F0B79ADFC23D}.Debug|Any CPU.Build.0 = Debug|iPhoneSimulator
		{55271999-2865-4209-B1E8-F0B79ADFC23D}.Debug|Any CPU.Deploy.0 = Debug|iPhoneSimulator
		{55271999-2865-4209-B1E8-F0B79ADFC23D}.Debug|ARM.ActiveCfg = Debug|iPhone
		{55271999-2865-4209-B1E8-F0B79ADFC23D}.Debug|ARM.Build.0 = Debug|iPhone
		{55271999-2865-4209-B1E8-F0B79ADFC23D}.Debug|ARM.Deploy.0 = Debug|iPhone
		{55271999-2865-4209-B1E8-F0B79ADFC23D}.Debug|iPhone.ActiveCfg = Debug|iPhone
		{55271999-2865-4209-B1E8-F0B79ADFC23D}.Debug|iPhone.Build.0 = Debug|iPhone
		{55271999-2865-4209-B1E8-F0B79ADFC23D}.Debug|iPhone.Deploy.0 = Debug|iPhone
		{55271999-2865-4209-B1E8-F0B79ADFC23D}.Debug|iPhoneSimulator.ActiveCfg = Debug|iPhoneSimulator
		{55271999-2865-4209-B1E8-F0B79ADFC23D}.Debug|iPhoneSimulator.Build.0 = Debug|iPhoneSimulator
		{55271999-2865-4209-B1E8-F0B79ADFC23D}.Debug|iPhoneSimulator.Deploy.0 = Debug|iPhoneSimulator
		{55271999-2865-4209-B1E8-F0B79ADFC23D}.Debug|x64.ActiveCfg = Debug|iPhone
		{55271999-2865-4209-B1E8-F0B79ADFC23D}.Debug|x64.Build.0 = Debug|iPhone
		{55271999-2865-4209-B1E8-F0B79ADFC23D}.Debug|x64.Deploy.0 = Debug|iPhone
		{55271999-2865-4209-B1E8-F0B79ADFC23D}.Debug|x86.ActiveCfg = Debug|iPhone
		{55271999-2865-4209-B1E8-F0B79ADFC23D}.Debug|x86.Build.0 = Debug|iPhone
		{55271999-2865-4209-B1E8-F0B79ADFC23D}.Debug|x86.Deploy.0 = Debug|iPhone
		{55271999-2865-4209-B1E8-F0B79ADFC23D}.Release|Any CPU.ActiveCfg = Release|iPhone
		{55271999-2865-4209-B1E8-F0B79ADFC23D}.Release|Any CPU.Build.0 = Release|iPhone
		{55271999-2865-4209-B1E8-F0B79ADFC23D}.Release|Any CPU.Deploy.0 = Release|iPhone
		{55271999-2865-4209-B1E8-F0B79ADFC23D}.Release|ARM.ActiveCfg = Release|iPhone
		{55271999-2865-4209-B1E8-F0B79ADFC23D}.Release|ARM.Build.0 = Release|iPhone
		{55271999-2865-4209-B1E8-F0B79ADFC23D}.Release|ARM.Deploy.0 = Release|iPhone
		{55271999-2865-4209-B1E8-F0B79ADFC23D}.Release|iPhone.ActiveCfg = Release|iPhone
		{55271999-2865-4209-B1E8-F0B79ADFC23D}.Release|iPhone.Build.0 = Release|iPhone
		{55271999-2865-4209-B1E8-F0B79ADFC23D}.Release|iPhone.Deploy.0 = Release|iPhone
		{55271999-2865-4209-B1E8-F0B79ADFC23D}.Release|iPhoneSimulator.ActiveCfg = Release|iPhoneSimulator
		{55271999-2865-4209-B1E8-F0B79ADFC23D}.Release|iPhoneSimulator.Build.0 = Release|iPhoneSimulator
		{55271999-2865-4209-B1E8-F0B79ADFC23D}.Release|iPhoneSimulator.Deploy.0 = Release|iPhoneSimulator
		{55271999-2865-4209-B1E8-F0B79ADFC23D}.Release|x64.ActiveCfg = Release|iPhone
		{55271999-2865-4209-B1E8-F0B79ADFC23D}.Release|x64.Build.0 = Release|iPhone
		{55271999-2865-4209-B1E8-F0B79ADFC23D}.Release|x64.Deploy.0 = Release|iPhone
		{55271999-2865-4209-B1E8-F0B79ADFC23D}.Release|x86.ActiveCfg = Release|iPhone
		{55271999-2865-4209-B1E8-F0B79ADFC23D}.Release|x86.Build.0 = Release|iPhone
		{55271999-2865-4209-B1E8-F0B79ADFC23D}.Release|x86.Deploy.0 = Release|iPhone
		{398136AB-497B-408E-9AFB-9C34B656A6E3}.Ad-Hoc|Any CPU.ActiveCfg = Release|x86
		{398136AB-497B-408E-9AFB-9C34B656A6E3}.Ad-Hoc|Any CPU.Build.0 = Release|x86
		{398136AB-497B-408E-9AFB-9C34B656A6E3}.Ad-Hoc|Any CPU.Deploy.0 = Release|x86
		{398136AB-497B-408E-9AFB-9C34B656A6E3}.Ad-Hoc|ARM.ActiveCfg = Release|ARM
		{398136AB-497B-408E-9AFB-9C34B656A6E3}.Ad-Hoc|ARM.Build.0 = Release|ARM
		{398136AB-497B-408E-9AFB-9C34B656A6E3}.Ad-Hoc|ARM.Deploy.0 = Release|ARM
		{398136AB-497B-408E-9AFB-9C34B656A6E3}.Ad-Hoc|iPhone.ActiveCfg = Release|x86
		{398136AB-497B-408E-9AFB-9C34B656A6E3}.Ad-Hoc|iPhone.Build.0 = Release|x86
		{398136AB-497B-408E-9AFB-9C34B656A6E3}.Ad-Hoc|iPhone.Deploy.0 = Release|x86
		{398136AB-497B-408E-9AFB-9C34B656A6E3}.Ad-Hoc|iPhoneSimulator.ActiveCfg = Release|x86
		{398136AB-497B-408E-9AFB-9C34B656A6E3}.Ad-Hoc|iPhoneSimulator.Build.0 = Release|x86
		{398136AB-497B-408E-9AFB-9C34B656A6E3}.Ad-Hoc|iPhoneSimulator.Deploy.0 = Release|x86
		{398136AB-497B-408E-9AFB-9C34B656A6E3}.Ad-Hoc|x64.ActiveCfg = Release|x64
		{398136AB-497B-408E-9AFB-9C34B656A6E3}.Ad-Hoc|x64.Build.0 = Release|x64
		{398136AB-497B-408E-9AFB-9C34B656A6E3}.Ad-Hoc|x64.Deploy.0 = Release|x64
		{398136AB-497B-408E-9AFB-9C34B656A6E3}.Ad-Hoc|x86.ActiveCfg = Release|x86
		{398136AB-497B-408E-9AFB-9C34B656A6E3}.Ad-Hoc|x86.Build.0 = Release|x86
		{398136AB-497B-408E-9AFB-9C34B656A6E3}.Ad-Hoc|x86.Deploy.0 = Release|x86
		{398136AB-497B-408E-9AFB-9C34B656A6E3}.AppStore|Any CPU.ActiveCfg = Release|x86
		{398136AB-497B-408E-9AFB-9C34B656A6E3}.AppStore|Any CPU.Build.0 = Release|x86
		{398136AB-497B-408E-9AFB-9C34B656A6E3}.AppStore|Any CPU.Deploy.0 = Release|x86
		{398136AB-497B-408E-9AFB-9C34B656A6E3}.AppStore|ARM.ActiveCfg = Release|ARM
		{398136AB-497B-408E-9AFB-9C34B656A6E3}.AppStore|ARM.Build.0 = Release|ARM
		{398136AB-497B-408E-9AFB-9C34B656A6E3}.AppStore|ARM.Deploy.0 = Release|ARM
		{398136AB-497B-408E-9AFB-9C34B656A6E3}.AppStore|iPhone.ActiveCfg = Release|x86
		{398136AB-497B-408E-9AFB-9C34B656A6E3}.AppStore|iPhone.Build.0 = Release|x86
		{398136AB-497B-408E-9AFB-9C34B656A6E3}.AppStore|iPhone.Deploy.0 = Release|x86
		{398136AB-497B-408E-9AFB-9C34B656A6E3}.AppStore|iPhoneSimulator.ActiveCfg = Release|x86
		{398136AB-497B-408E-9AFB-9C34B656A6E3}.AppStore|iPhoneSimulator.Build.0 = Release|x86
		{398136AB-497B-408E-9AFB-9C34B656A6E3}.AppStore|iPhoneSimulator.Deploy.0 = Release|x86
		{398136AB-497B-408E-9AFB-9C34B656A6E3}.AppStore|x64.ActiveCfg = Release|x64
		{398136AB-497B-408E-9AFB-9C34B656A6E3}.AppStore|x64.Build.0 = Release|x64
		{398136AB-497B-408E-9AFB-9C34B656A6E3}.AppStore|x64.Deploy.0 = Release|x64
		{398136AB-497B-408E-9AFB-9C34B656A6E3}.AppStore|x86.ActiveCfg = Release|x86
		{398136AB-497B-408E-9AFB-9C34B656A6E3}.AppStore|x86.Build.0 = Release|x86
		{398136AB-497B-408E-9AFB-9C34B656A6E3}.AppStore|x86.Deploy.0 = Release|x86
		{398136AB-497B-408E-9AFB-9C34B656A6E3}.Debug|Any CPU.ActiveCfg = Debug|x86
		{398136AB-497B-408E-9AFB-9C34B656A6E3}.Debug|Any CPU.Build.0 = Debug|x86
		{398136AB-497B-408E-9AFB-9C34B656A6E3}.Debug|Any CPU.Deploy.0 = Debug|x86
		{398136AB-497B-408E-9AFB-9C34B656A6E3}.Debug|ARM.ActiveCfg = Debug|ARM
		{398136AB-497B-408E-9AFB-9C34B656A6E3}.Debug|ARM.Build.0 = Debug|ARM
		{398136AB-497B-408E-9AFB-9C34B656A6E3}.Debug|ARM.Deploy.0 = Debug|ARM
		{398136AB-497B-408E-9AFB-9C34B656A6E3}.Debug|iPhone.ActiveCfg = Debug|x86
		{398136AB-497B-408E-9AFB-9C34B656A6E3}.Debug|iPhone.Build.0 = Debug|x86
		{398136AB-497B-408E-9AFB-9C34B656A6E3}.Debug|iPhone.Deploy.0 = Debug|x86
		{398136AB-497B-408E-9AFB-9C34B656A6E3}.Debug|iPhoneSimulator.ActiveCfg = Debug|x86
		{398136AB-497B-408E-9AFB-9C34B656A6E3}.Debug|iPhoneSimulator.Build.0 = Debug|x86
		{398136AB-497B-408E-9AFB-9C34B656A6E3}.Debug|iPhoneSimulator.Deploy.0 = Debug|x86
		{398136AB-497B-408E-9AFB-9C34B656A6E3}.Debug|x64.ActiveCfg = Debug|x64
		{398136AB-497B-408E-9AFB-9C34B656A6E3}.Debug|x64.Build.0 = Debug|x64
		{398136AB-497B-408E-9AFB-9C34B656A6E3}.Debug|x64.Deploy.0 = Debug|x64
		{398136AB-497B-408E-9AFB-9C34B656A6E3}.Debug|x86.ActiveCfg = Debug|x86
		{398136AB-497B-408E-9AFB-9C34B656A6E3}.Debug|x86.Build.0 = Debug|x86
		{398136AB-497B-408E-9AFB-9C34B656A6E3}.Debug|x86.Deploy.0 = Debug|x86
		{398136AB-497B-408E-9AFB-9C34B656A6E3}.Release|Any CPU.ActiveCfg = Release|x86
		{398136AB-497B-408E-9AFB-9C34B656A6E3}.Release|Any CPU.Build.0 = Release|x86
		{398136AB-497B-408E-9AFB-9C34B656A6E3}.Release|Any CPU.Deploy.0 = Release|x86
		{398136AB-497B-408E-9AFB-9C34B656A6E3}.Release|ARM.ActiveCfg = Release|ARM
		{398136AB-497B-408E-9AFB-9C34B656A6E3}.Release|ARM.Build.0 = Release|ARM
		{398136AB-497B-408E-9AFB-9C34B656A6E3}.Release|ARM.Deploy.0 = Release|ARM
		{398136AB-497B-408E-9AFB-9C34B656A6E3}.Release|iPhone.ActiveCfg = Release|x86
		{398136AB-497B-408E-9AFB-9C34B656A6E3}.Release|iPhone.Build.0 = Release|x86
		{398136AB-497B-408E-9AFB-9C34B656A6E3}.Release|iPhone.Deploy.0 = Release|x86
		{398136AB-497B-408E-9AFB-9C34B656A6E3}.Release|iPhoneSimulator.ActiveCfg = Release|x86
		{398136AB-497B-408E-9AFB-9C34B656A6E3}.Release|iPhoneSimulator.Build.0 = Release|x86
		{398136AB-497B-408E-9AFB-9C34B656A6E3}.Release|iPhoneSimulator.Deploy.0 = Release|x86
		{398136AB-497B-408E-9AFB-9C34B656A6E3}.Release|x64.ActiveCfg = Release|x64
		{398136AB-497B-408E-9AFB-9C34B656A6E3}.Release|x64.Build.0 = Release|x64
		{398136AB-497B-408E-9AFB-9C34B656A6E3}.Release|x64.Deploy.0 = Release|x64
		{398136AB-497B-408E-9AFB-9C34B656A6E3}.Release|x86.ActiveCfg = Release|x86
		{398136AB-497B-408E-9AFB-9C34B656A6E3}.Release|x86.Build.0 = Release|x86
		{398136AB-497B-408E-9AFB-9C34B656A6E3}.Release|x86.Deploy.0 = Release|x86
		{969B2218-7915-4B80-B602-784F376AA9E9}.Ad-Hoc|Any CPU.ActiveCfg = Debug|Any CPU
		{969B2218-7915-4B80-B602-784F376AA9E9}.Ad-Hoc|Any CPU.Build.0 = Debug|Any CPU
		{969B2218-7915-4B80-B602-784F376AA9E9}.Ad-Hoc|Any CPU.Deploy.0 = Debug|Any CPU
		{969B2218-7915-4B80-B602-784F376AA9E9}.Ad-Hoc|ARM.ActiveCfg = Debug|Any CPU
		{969B2218-7915-4B80-B602-784F376AA9E9}.Ad-Hoc|ARM.Build.0 = Debug|Any CPU
		{969B2218-7915-4B80-B602-784F376AA9E9}.Ad-Hoc|ARM.Deploy.0 = Debug|Any CPU
		{969B2218-7915-4B80-B602-784F376AA9E9}.Ad-Hoc|iPhone.ActiveCfg = Debug|Any CPU
		{969B2218-7915-4B80-B602-784F376AA9E9}.Ad-Hoc|iPhone.Build.0 = Debug|Any CPU
		{969B2218-7915-4B80-B602-784F376AA9E9}.Ad-Hoc|iPhone.Deploy.0 = Debug|Any CPU
		{969B2218-7915-4B80-B602-784F376AA9E9}.Ad-Hoc|iPhoneSimulator.ActiveCfg = Debug|Any CPU
		{969B2218-7915-4B80-B602-784F376AA9E9}.Ad-Hoc|iPhoneSimulator.Build.0 = Debug|Any CPU
		{969B2218-7915-4B80-B602-784F376AA9E9}.Ad-Hoc|iPhoneSimulator.Deploy.0 = Debug|Any CPU
		{969B2218-7915-4B80-B602-784F376AA9E9}.Ad-Hoc|x64.ActiveCfg = Debug|Any CPU
		{969B2218-7915-4B80-B602-784F376AA9E9}.Ad-Hoc|x64.Build.0 = Debug|Any CPU
		{969B2218-7915-4B80-B602-784F376AA9E9}.Ad-Hoc|x64.Deploy.0 = Debug|Any CPU
		{969B2218-7915-4B80-B602-784F376AA9E9}.Ad-Hoc|x86.ActiveCfg = Debug|Any CPU
		{969B2218-7915-4B80-B602-784F376AA9E9}.Ad-Hoc|x86.Build.0 = Debug|Any CPU
		{969B2218-7915-4B80-B602-784F376AA9E9}.Ad-Hoc|x86.Deploy.0 = Debug|Any CPU
		{969B2218-7915-4B80-B602-784F376AA9E9}.AppStore|Any CPU.ActiveCfg = Debug|Any CPU
		{969B2218-7915-4B80-B602-784F376AA9E9}.AppStore|Any CPU.Build.0 = Debug|Any CPU
		{969B2218-7915-4B80-B602-784F376AA9E9}.AppStore|Any CPU.Deploy.0 = Debug|Any CPU
		{969B2218-7915-4B80-B602-784F376AA9E9}.AppStore|ARM.ActiveCfg = Debug|Any CPU
		{969B2218-7915-4B80-B602-784F376AA9E9}.AppStore|ARM.Build.0 = Debug|Any CPU
		{969B2218-7915-4B80-B602-784F376AA9E9}.AppStore|ARM.Deploy.0 = Debug|Any CPU
		{969B2218-7915-4B80-B602-784F376AA9E9}.AppStore|iPhone.ActiveCfg = Debug|Any CPU
		{969B2218-7915-4B80-B602-784F376AA9E9}.AppStore|iPhone.Build.0 = Debug|Any CPU
		{969B2218-7915-4B80-B602-784F376AA9E9}.AppStore|iPhone.Deploy.0 = Debug|Any CPU
		{969B2218-7915-4B80-B602-784F376AA9E9}.AppStore|iPhoneSimulator.ActiveCfg = Debug|Any CPU
		{969B2218-7915-4B80-B602-784F376AA9E9}.AppStore|iPhoneSimulator.Build.0 = Debug|Any CPU
		{969B2218-7915-4B80-B602-784F376AA9E9}.AppStore|iPhoneSimulator.Deploy.0 = Debug|Any CPU
		{969B2218-7915-4B80-B602-784F376AA9E9}.AppStore|x64.ActiveCfg = Debug|Any CPU
		{969B2218-7915-4B80-B602-784F376AA9E9}.AppStore|x64.Build.0 = Debug|Any CPU
		{969B2218-7915-4B80-B602-784F376AA9E9}.AppStore|x64.Deploy.0 = Debug|Any CPU
		{969B2218-7915-4B80-B602-784F376AA9E9}.AppStore|x86.ActiveCfg = Debug|Any CPU
		{969B2218-7915-4B80-B602-784F376AA9E9}.AppStore|x86.Build.0 = Debug|Any CPU
		{969B2218-7915-4B80-B602-784F376AA9E9}.AppStore|x86.Deploy.0 = Debug|Any CPU
		{969B2218-7915-4B80-B602-784F376AA9E9}.Debug|Any CPU.ActiveCfg = Debug|Any CPU
		{969B2218-7915-4B80-B602-784F376AA9E9}.Debug|Any CPU.Build.0 = Debug|Any CPU
		{969B2218-7915-4B80-B602-784F376AA9E9}.Debug|Any CPU.Deploy.0 = Debug|Any CPU
		{969B2218-7915-4B80-B602-784F376AA9E9}.Debug|ARM.ActiveCfg = Debug|Any CPU
		{969B2218-7915-4B80-B602-784F376AA9E9}.Debug|ARM.Build.0 = Debug|Any CPU
		{969B2218-7915-4B80-B602-784F376AA9E9}.Debug|ARM.Deploy.0 = Debug|Any CPU
		{969B2218-7915-4B80-B602-784F376AA9E9}.Debug|iPhone.ActiveCfg = Debug|Any CPU
		{969B2218-7915-4B80-B602-784F376AA9E9}.Debug|iPhone.Build.0 = Debug|Any CPU
		{969B2218-7915-4B80-B602-784F376AA9E9}.Debug|iPhone.Deploy.0 = Debug|Any CPU
		{969B2218-7915-4B80-B602-784F376AA9E9}.Debug|iPhoneSimulator.ActiveCfg = Debug|Any CPU
		{969B2218-7915-4B80-B602-784F376AA9E9}.Debug|iPhoneSimulator.Build.0 = Debug|Any CPU
		{969B2218-7915-4B80-B602-784F376AA9E9}.Debug|iPhoneSimulator.Deploy.0 = Debug|Any CPU
		{969B2218-7915-4B80-B602-784F376AA9E9}.Debug|x64.ActiveCfg = Debug|Any CPU
		{969B2218-7915-4B80-B602-784F376AA9E9}.Debug|x64.Build.0 = Debug|Any CPU
		{969B2218-7915-4B80-B602-784F376AA9E9}.Debug|x64.Deploy.0 = Debug|Any CPU
		{969B2218-7915-4B80-B602-784F376AA9E9}.Debug|x86.ActiveCfg = Debug|Any CPU
		{969B2218-7915-4B80-B602-784F376AA9E9}.Debug|x86.Build.0 = Debug|Any CPU
		{969B2218-7915-4B80-B602-784F376AA9E9}.Debug|x86.Deploy.0 = Debug|Any CPU
		{969B2218-7915-4B80-B602-784F376AA9E9}.Release|Any CPU.ActiveCfg = Release|Any CPU
		{969B2218-7915-4B80-B602-784F376AA9E9}.Release|Any CPU.Build.0 = Release|Any CPU
		{969B2218-7915-4B80-B602-784F376AA9E9}.Release|Any CPU.Deploy.0 = Release|Any CPU
		{969B2218-7915-4B80-B602-784F376AA9E9}.Release|ARM.ActiveCfg = Release|Any CPU
		{969B2218-7915-4B80-B602-784F376AA9E9}.Release|ARM.Build.0 = Release|Any CPU
		{969B2218-7915-4B80-B602-784F376AA9E9}.Release|ARM.Deploy.0 = Release|Any CPU
		{969B2218-7915-4B80-B602-784F376AA9E9}.Release|iPhone.ActiveCfg = Release|Any CPU
		{969B2218-7915-4B80-B602-784F376AA9E9}.Release|iPhone.Build.0 = Release|Any CPU
		{969B2218-7915-4B80-B602-784F376AA9E9}.Release|iPhone.Deploy.0 = Release|Any CPU
		{969B2218-7915-4B80-B602-784F376AA9E9}.Release|iPhoneSimulator.ActiveCfg = Release|Any CPU
		{969B2218-7915-4B80-B602-784F376AA9E9}.Release|iPhoneSimulator.Build.0 = Release|Any CPU
		{969B2218-7915-4B80-B602-784F376AA9E9}.Release|iPhoneSimulator.Deploy.0 = Release|Any CPU
		{969B2218-7915-4B80-B602-784F376AA9E9}.Release|x64.ActiveCfg = Release|Any CPU
		{969B2218-7915-4B80-B602-784F376AA9E9}.Release|x64.Build.0 = Release|Any CPU
		{969B2218-7915-4B80-B602-784F376AA9E9}.Release|x64.Deploy.0 = Release|Any CPU
		{969B2218-7915-4B80-B602-784F376AA9E9}.Release|x86.ActiveCfg = Release|Any CPU
		{969B2218-7915-4B80-B602-784F376AA9E9}.Release|x86.Build.0 = Release|Any CPU
		{969B2218-7915-4B80-B602-784F376AA9E9}.Release|x86.Deploy.0 = Release|Any CPU
	EndGlobalSection
	GlobalSection(SolutionProperties) = preSolution
		HideSolutionNode = FALSE
	EndGlobalSection
	GlobalSection(ExtensibilityGlobals) = postSolution
		SolutionGuid = {FF65E56E-2C0F-42B4-8D01-91FA203C06C9}
	EndGlobalSection
EndGlobal
